
Microsoft Visual Studio Solution File, Format Version 12.00
# Visual Studio Version 17
VisualStudioVersion = 17.14.36518.9
MinimumVisualStudioVersion = 10.0.40219.1
Project("{2150E333-8FDC-42A3-9474-1A3956D46DE8}") = "Task0", "Task0", "{02EA681E-C7D8-13C7-8484-4AC65E1B71E8}"
EndProject
Project("{FAE04EC0-301F-11D3-BF4B-00C04F79EFBC}") = "Tyuiu.IvanovMS.Sprint1.Task0.V24", "Tyuiu.IvanovMS.Sprint1.Task0.V24\Tyuiu.IvanovMS.Sprint1.Task0.V24.csproj", "{9B79512D-E7F3-4F9A-AC2E-F589D37C3614}"
EndProject
Project("{FAE04EC0-301F-11D3-BF4B-00C04F79EFBC}") = "Tyuiu.IvanovMS.Sprint1.Task0.V24.Lib", "Tyuiu.IvanovMS.Sprint1.Task0.V24.Lib\Tyuiu.IvanovMS.Sprint1.Task0.V24.Lib.csproj", "{86618305-4A7B-487F-8131-4C2A7C77CAA3}"
EndProject
Project("{FAE04EC0-301F-11D3-BF4B-00C04F79EFBC}") = "Tyuiu.IvanovMS.Sprint1.Task0.V24.Test", "Tyuiu.IvanovMS.Sprint1.Task0.V24.Test\Tyuiu.IvanovMS.Sprint1.Task0.V24.Test.csproj", "{C0AB6C94-A0C0-4307-B40A-BEC4470D1C12}"
EndProject
Project("{2150E333-8FDC-42A3-9474-1A3956D46DE8}") = "Task1", "Task1", "{F4062925-598D-4699-80CF-A479F376BB72}"
EndProject
Project("{FAE04EC0-301F-11D3-BF4B-00C04F79EFBC}") = "Tyuiu.IvanovMS.Sprint1.Task1.V15", "Tyuiu.IvanovMS.Sprint1.Task1.V15\Tyuiu.IvanovMS.Sprint1.Task1.V15.csproj", "{D40730F3-ABA5-44B5-94D0-AB3883D82FDF}"
EndProject
Project("{FAE04EC0-301F-11D3-BF4B-00C04F79EFBC}") = "Tyuiu.IvanovMS.Sprint1.Task1.V15.Lib", "Tyuiu.IvanovMS.Sprint1.Task1.V15.Lib\Tyuiu.IvanovMS.Sprint1.Task1.V15.Lib.csproj", "{E5342F5A-0BFF-44E9-B73B-626732AC778C}"
EndProject
Project("{FAE04EC0-301F-11D3-BF4B-00C04F79EFBC}") = "Tyuiu.IvanovMS.Sprint1.Task1.V15.Test", "Tyuiu.IvanovMS.Sprint1.Task1.V15.Test\Tyuiu.IvanovMS.Sprint1.Task1.V15.Test.csproj", "{B97562B1-4BDE-4361-BB10-22AF3DBAD927}"
EndProject
Project("{2150E333-8FDC-42A3-9474-1A3956D46DE8}") = "Task2", "Task2", "{80F8EDE1-2F72-4527-81AE-22EABDBD4B3D}"
EndProject
Project("{FAE04EC0-301F-11D3-BF4B-00C04F79EFBC}") = "Tyuiu.IvanovMS.Sprint1.Task2.V1", "Tyuiu.IvanovMS.Sprint1.Task2.V1\Tyuiu.IvanovMS.Sprint1.Task2.V1.csproj", "{8BD7EE9A-DF6D-4DFB-98E0-389F9C356793}"
EndProject
Project("{FAE04EC0-301F-11D3-BF4B-00C04F79EFBC}") = "Tyuiu.IvanovMS.Sprint1.Task2.V1.Lib", "Tyuiu.IvanovMS.Sprint1.Task2.V1.Lib\Tyuiu.IvanovMS.Sprint1.Task2.V1.Lib.csproj", "{84676D4E-0000-4F12-8831-6596B8E6131A}"
EndProject
Project("{FAE04EC0-301F-11D3-BF4B-00C04F79EFBC}") = "Tyuiu.IvanovMS.Sprint1.Task2.V1.Test", "Tyuiu.IvanovMS.Sprint1.Task2.V1.Test\Tyuiu.IvanovMS.Sprint1.Task2.V1.Test.csproj", "{06E77D61-5CBA-419E-A643-4690BABBEBC4}"
EndProject
Project("{2150E333-8FDC-42A3-9474-1A3956D46DE8}") = "Task3", "Task3", "{DF1A52FE-5EF3-4927-B1E9-B61E1A02AD20}"
EndProject
Project("{FAE04EC0-301F-11D3-BF4B-00C04F79EFBC}") = "Tyuiu.IvanovMS.Sprint1.Task3.V6", "Tyuiu.IvanovMS.Sprint1.Task3.V6\Tyuiu.IvanovMS.Sprint1.Task3.V6.csproj", "{87A1177B-1923-49DB-AE3A-EA604FE3D629}"
EndProject
Project("{FAE04EC0-301F-11D3-BF4B-00C04F79EFBC}") = "Tyuiu.IvanovMS.Sprint1.Task3.V6.Lib", "Tyuiu.IvanovMS.Sprint1.Task3.V6.Lib\Tyuiu.IvanovMS.Sprint1.Task3.V6.Lib.csproj", "{4C1B2CDF-3A56-417F-B7F4-B8E79D160F34}"
EndProject
Project("{FAE04EC0-301F-11D3-BF4B-00C04F79EFBC}") = "Tyuiu.IvanovMS.Sprint1.Task3.V6.Test", "Tyuiu.IvanovMS.Sprint1.Task3.V6.Test\Tyuiu.IvanovMS.Sprint1.Task3.V6.Test.csproj", "{9642A385-6F83-41F1-8225-B6888534740C}"
EndProject
Project("{2150E333-8FDC-42A3-9474-1A3956D46DE8}") = "Task4", "Task4", "{99E5EAFD-07EA-4F87-A8E7-61047DA85871}"
EndProject
Project("{FAE04EC0-301F-11D3-BF4B-00C04F79EFBC}") = "Tyuiu.IvanovMS.Sprint1.Task4.V15", "Tyuiu.IvanovMS.Sprint1.Task4.V15\Tyuiu.IvanovMS.Sprint1.Task4.V15.csproj", "{7B9F7EDF-44AE-456B-BD90-333BA1C8857F}"
EndProject
Project("{FAE04EC0-301F-11D3-BF4B-00C04F79EFBC}") = "Tyuiu.IvanovMS.Sprint1.Task4.V15.Lib", "Tyuiu.IvanovMS.Sprint1.Task4.V15.Lib\Tyuiu.IvanovMS.Sprint1.Task4.V15.Lib.csproj", "{634D1B7B-4A8F-4326-AC63-D96D44EE0FA1}"
EndProject
Project("{FAE04EC0-301F-11D3-BF4B-00C04F79EFBC}") = "Tyuiu.IvanovMS.Sprint1.Task4.V15.Test", "Tyuiu.IvanovMS.Sprint1.Task4.V15.Test\Tyuiu.IvanovMS.Sprint1.Task4.V15.Test.csproj", "{AF1630F1-EBA2-48E6-9BE4-63CA7526F475}"
EndProject
Project("{2150E333-8FDC-42A3-9474-1A3956D46DE8}") = "Task5", "Task5", "{AB630B24-3B89-4066-8777-1F897B665106}"
EndProject
Project("{FAE04EC0-301F-11D3-BF4B-00C04F79EFBC}") = "Tyuiu.IvanovMS.Sprint1.Task5.V7", "Tyuiu.IvanovMS.Sprint1.Task5.V7\Tyuiu.IvanovMS.Sprint1.Task5.V7.csproj", "{9A32B69E-8518-424B-8728-99DA5CFBE2F7}"
EndProject
Project("{FAE04EC0-301F-11D3-BF4B-00C04F79EFBC}") = "Tyuiu.IvanovMS.Sprint1.Task5.V7.Lib", "Tyuiu.IvanovMS.Sprint1.Task5.V7.Lib\Tyuiu.IvanovMS.Sprint1.Task5.V7.Lib.csproj", "{DE5C78E1-5616-4C7E-926B-1CDCB6F13212}"
EndProject
Project("{FAE04EC0-301F-11D3-BF4B-00C04F79EFBC}") = "Tyuiu.IvanovMS.Sprint1.Task5.V7.Test", "Tyuiu.IvanovMS.Sprint1.Task5.V7.Test\Tyuiu.IvanovMS.Sprint1.Task5.V7.Test.csproj", "{9F8FE514-64D2-4CDE-8FA9-57F6A224694D}"
EndProject
Project("{2150E333-8FDC-42A3-9474-1A3956D46DE8}") = "Task6", "Task6", "{AEF8D86D-B859-4151-81FF-8F8E2EAA45A1}"
EndProject
Project("{FAE04EC0-301F-11D3-BF4B-00C04F79EFBC}") = "Tyuiu.IvanovMS.Sprint1.Task6.V7", "Tyuiu.IvanovMS.Sprint1.Task6.V7\Tyuiu.IvanovMS.Sprint1.Task6.V7.csproj", "{D578DACB-DA30-4FC4-93EC-7093FE4EF17B}"
EndProject
Project("{FAE04EC0-301F-11D3-BF4B-00C04F79EFBC}") = "Tyuiu.IvanovMS.Sprint1.Task6.V7.Lib", "Tyuiu.IvanovMS.Sprint1.Task6.V7.Lib\Tyuiu.IvanovMS.Sprint1.Task6.V7.Lib.csproj", "{19E882A0-C863-42A1-9DFC-3189A4E35A22}"
EndProject
Project("{FAE04EC0-301F-11D3-BF4B-00C04F79EFBC}") = "Tyuiu.IvanovMS.Sprint1.Task6.V7.Test", "Tyuiu.IvanovMS.Sprint1.Task6.V7.Test\Tyuiu.IvanovMS.Sprint1.Task6.V7.Test.csproj", "{77955166-A94B-4AA9-83F1-D116D9C56374}"
EndProject
Global
	GlobalSection(SolutionConfigurationPlatforms) = preSolution
		Debug|Any CPU = Debug|Any CPU
		Release|Any CPU = Release|Any CPU
	EndGlobalSection
	GlobalSection(ProjectConfigurationPlatforms) = postSolution
		{9B79512D-E7F3-4F9A-AC2E-F589D37C3614}.Debug|Any CPU.ActiveCfg = Debug|Any CPU
		{9B79512D-E7F3-4F9A-AC2E-F589D37C3614}.Debug|Any CPU.Build.0 = Debug|Any CPU
		{9B79512D-E7F3-4F9A-AC2E-F589D37C3614}.Release|Any CPU.ActiveCfg = Release|Any CPU
		{9B79512D-E7F3-4F9A-AC2E-F589D37C3614}.Release|Any CPU.Build.0 = Release|Any CPU
		{86618305-4A7B-487F-8131-4C2A7C77CAA3}.Debug|Any CPU.ActiveCfg = Debug|Any CPU
		{86618305-4A7B-487F-8131-4C2A7C77CAA3}.Debug|Any CPU.Build.0 = Debug|Any CPU
		{86618305-4A7B-487F-8131-4C2A7C77CAA3}.Release|Any CPU.ActiveCfg = Release|Any CPU
		{86618305-4A7B-487F-8131-4C2A7C77CAA3}.Release|Any CPU.Build.0 = Release|Any CPU
		{C0AB6C94-A0C0-4307-B40A-BEC4470D1C12}.Debug|Any CPU.ActiveCfg = Debug|Any CPU
		{C0AB6C94-A0C0-4307-B40A-BEC4470D1C12}.Debug|Any CPU.Build.0 = Debug|Any CPU
		{C0AB6C94-A0C0-4307-B40A-BEC4470D1C12}.Release|Any CPU.ActiveCfg = Release|Any CPU
		{C0AB6C94-A0C0-4307-B40A-BEC4470D1C12}.Release|Any CPU.Build.0 = Release|Any CPU
		{D40730F3-ABA5-44B5-94D0-AB3883D82FDF}.Debug|Any CPU.ActiveCfg = Debug|Any CPU
		{D40730F3-ABA5-44B5-94D0-AB3883D82FDF}.Debug|Any CPU.Build.0 = Debug|Any CPU
		{D40730F3-ABA5-44B5-94D0-AB3883D82FDF}.Release|Any CPU.ActiveCfg = Release|Any CPU
		{D40730F3-ABA5-44B5-94D0-AB3883D82FDF}.Release|Any CPU.Build.0 = Release|Any CPU
		{E5342F5A-0BFF-44E9-B73B-626732AC778C}.Debug|Any CPU.ActiveCfg = Debug|Any CPU
		{E5342F5A-0BFF-44E9-B73B-626732AC778C}.Debug|Any CPU.Build.0 = Debug|Any CPU
		{E5342F5A-0BFF-44E9-B73B-626732AC778C}.Release|Any CPU.ActiveCfg = Release|Any CPU
		{E5342F5A-0BFF-44E9-B73B-626732AC778C}.Release|Any CPU.Build.0 = Release|Any CPU
		{B97562B1-4BDE-4361-BB10-22AF3DBAD927}.Debug|Any CPU.ActiveCfg = Debug|Any CPU
		{B97562B1-4BDE-4361-BB10-22AF3DBAD927}.Debug|Any CPU.Build.0 = Debug|Any CPU
		{B97562B1-4BDE-4361-BB10-22AF3DBAD927}.Release|Any CPU.ActiveCfg = Release|Any CPU
		{B97562B1-4BDE-4361-BB10-22AF3DBAD927}.Release|Any CPU.Build.0 = Release|Any CPU
		{8BD7EE9A-DF6D-4DFB-98E0-389F9C356793}.Debug|Any CPU.ActiveCfg = Debug|Any CPU
		{8BD7EE9A-DF6D-4DFB-98E0-389F9C356793}.Debug|Any CPU.Build.0 = Debug|Any CPU
		{8BD7EE9A-DF6D-4DFB-98E0-389F9C356793}.Release|Any CPU.ActiveCfg = Release|Any CPU
		{8BD7EE9A-DF6D-4DFB-98E0-389F9C356793}.Release|Any CPU.Build.0 = Release|Any CPU
		{84676D4E-0000-4F12-8831-6596B8E6131A}.Debug|Any CPU.ActiveCfg = Debug|Any CPU
		{84676D4E-0000-4F12-8831-6596B8E6131A}.Debug|Any CPU.Build.0 = Debug|Any CPU
		{84676D4E-0000-4F12-8831-6596B8E6131A}.Release|Any CPU.ActiveCfg = Release|Any CPU
		{84676D4E-0000-4F12-8831-6596B8E6131A}.Release|Any CPU.Build.0 = Release|Any CPU
		{06E77D61-5CBA-419E-A643-4690BABBEBC4}.Debug|Any CPU.ActiveCfg = Debug|Any CPU
		{06E77D61-5CBA-419E-A643-4690BABBEBC4}.Debug|Any CPU.Build.0 = Debug|Any CPU
		{06E77D61-5CBA-419E-A643-4690BABBEBC4}.Release|Any CPU.ActiveCfg = Release|Any CPU
		{06E77D61-5CBA-419E-A643-4690BABBEBC4}.Release|Any CPU.Build.0 = Release|Any CPU
		{87A1177B-1923-49DB-AE3A-EA604FE3D629}.Debug|Any CPU.ActiveCfg = Debug|Any CPU
		{87A1177B-1923-49DB-AE3A-EA604FE3D629}.Debug|Any CPU.Build.0 = Debug|Any CPU
		{87A1177B-1923-49DB-AE3A-EA604FE3D629}.Release|Any CPU.ActiveCfg = Release|Any CPU
		{87A1177B-1923-49DB-AE3A-EA604FE3D629}.Release|Any CPU.Build.0 = Release|Any CPU
		{4C1B2CDF-3A56-417F-B7F4-B8E79D160F34}.Debug|Any CPU.ActiveCfg = Debug|Any CPU
		{4C1B2CDF-3A56-417F-B7F4-B8E79D160F34}.Debug|Any CPU.Build.0 = Debug|Any CPU
		{4C1B2CDF-3A56-417F-B7F4-B8E79D160F34}.Release|Any CPU.ActiveCfg = Release|Any CPU
		{4C1B2CDF-3A56-417F-B7F4-B8E79D160F34}.Release|Any CPU.Build.0 = Release|Any CPU
		{9642A385-6F83-41F1-8225-B6888534740C}.Debug|Any CPU.ActiveCfg = Debug|Any CPU
		{9642A385-6F83-41F1-8225-B6888534740C}.Debug|Any CPU.Build.0 = Debug|Any CPU
		{9642A385-6F83-41F1-8225-B6888534740C}.Release|Any CPU.ActiveCfg = Release|Any CPU
		{9642A385-6F83-41F1-8225-B6888534740C}.Release|Any CPU.Build.0 = Release|Any CPU
		{7B9F7EDF-44AE-456B-BD90-333BA1C8857F}.Debug|Any CPU.ActiveCfg = Debug|Any CPU
		{7B9F7EDF-44AE-456B-BD90-333BA1C8857F}.Debug|Any CPU.Build.0 = Debug|Any CPU
		{7B9F7EDF-44AE-456B-BD90-333BA1C8857F}.Release|Any CPU.ActiveCfg = Release|Any CPU
		{7B9F7EDF-44AE-456B-BD90-333BA1C8857F}.Release|Any CPU.Build.0 = Release|Any CPU
		{634D1B7B-4A8F-4326-AC63-D96D44EE0FA1}.Debug|Any CPU.ActiveCfg = Debug|Any CPU
		{634D1B7B-4A8F-4326-AC63-D96D44EE0FA1}.Debug|Any CPU.Build.0 = Debug|Any CPU
		{634D1B7B-4A8F-4326-AC63-D96D44EE0FA1}.Release|Any CPU.ActiveCfg = Release|Any CPU
		{634D1B7B-4A8F-4326-AC63-D96D44EE0FA1}.Release|Any CPU.Build.0 = Release|Any CPU
		{AF1630F1-EBA2-48E6-9BE4-63CA7526F475}.Debug|Any CPU.ActiveCfg = Debug|Any CPU
		{AF1630F1-EBA2-48E6-9BE4-63CA7526F475}.Debug|Any CPU.Build.0 = Debug|Any CPU
		{AF1630F1-EBA2-48E6-9BE4-63CA7526F475}.Release|Any CPU.ActiveCfg = Release|Any CPU
		{AF1630F1-EBA2-48E6-9BE4-63CA7526F475}.Release|Any CPU.Build.0 = Release|Any CPU
		{9A32B69E-8518-424B-8728-99DA5CFBE2F7}.Debug|Any CPU.ActiveCfg = Debug|Any CPU
		{9A32B69E-8518-424B-8728-99DA5CFBE2F7}.Debug|Any CPU.Build.0 = Debug|Any CPU
		{9A32B69E-8518-424B-8728-99DA5CFBE2F7}.Release|Any CPU.ActiveCfg = Release|Any CPU
		{9A32B69E-8518-424B-8728-99DA5CFBE2F7}.Release|Any CPU.Build.0 = Release|Any CPU
		{DE5C78E1-5616-4C7E-926B-1CDCB6F13212}.Debug|Any CPU.ActiveCfg = Debug|Any CPU
		{DE5C78E1-5616-4C7E-926B-1CDCB6F13212}.Debug|Any CPU.Build.0 = Debug|Any CPU
		{DE5C78E1-5616-4C7E-926B-1CDCB6F13212}.Release|Any CPU.ActiveCfg = Release|Any CPU
		{DE5C78E1-5616-4C7E-926B-1CDCB6F13212}.Release|Any CPU.Build.0 = Release|Any CPU
		{9F8FE514-64D2-4CDE-8FA9-57F6A224694D}.Debug|Any CPU.ActiveCfg = Debug|Any CPU
		{9F8FE514-64D2-4CDE-8FA9-57F6A224694D}.Debug|Any CPU.Build.0 = Debug|Any CPU
		{9F8FE514-64D2-4CDE-8FA9-57F6A224694D}.Release|Any CPU.ActiveCfg = Release|Any CPU
		{9F8FE514-64D2-4CDE-8FA9-57F6A224694D}.Release|Any CPU.Build.0 = Release|Any CPU
		{D578DACB-DA30-4FC4-93EC-7093FE4EF17B}.Debug|Any CPU.ActiveCfg = Debug|Any CPU
		{D578DACB-DA30-4FC4-93EC-7093FE4EF17B}.Debug|Any CPU.Build.0 = Debug|Any CPU
		{D578DACB-DA30-4FC4-93EC-7093FE4EF17B}.Release|Any CPU.ActiveCfg = Release|Any CPU
		{D578DACB-DA30-4FC4-93EC-7093FE4EF17B}.Release|Any CPU.Build.0 = Release|Any CPU
		{19E882A0-C863-42A1-9DFC-3189A4E35A22}.Debug|Any CPU.ActiveCfg = Debug|Any CPU
		{19E882A0-C863-42A1-9DFC-3189A4E35A22}.Debug|Any CPU.Build.0 = Debug|Any CPU
		{19E882A0-C863-42A1-9DFC-3189A4E35A22}.Release|Any CPU.ActiveCfg = Release|Any CPU
		{19E882A0-C863-42A1-9DFC-3189A4E35A22}.Release|Any CPU.Build.0 = Release|Any CPU
		{77955166-A94B-4AA9-83F1-D116D9C56374}.Debug|Any CPU.ActiveCfg = Debug|Any CPU
		{77955166-A94B-4AA9-83F1-D116D9C56374}.Debug|Any CPU.Build.0 = Debug|Any CPU
		{77955166-A94B-4AA9-83F1-D116D9C56374}.Release|Any CPU.ActiveCfg = Release|Any CPU
		{77955166-A94B-4AA9-83F1-D116D9C56374}.Release|Any CPU.Build.0 = Release|Any CPU
	EndGlobalSection
	GlobalSection(SolutionProperties) = preSolution
		HideSolutionNode = FALSE
	EndGlobalSection
	GlobalSection(NestedProjects) = preSolution
		{9B79512D-E7F3-4F9A-AC2E-F589D37C3614} = {02EA681E-C7D8-13C7-8484-4AC65E1B71E8}
		{86618305-4A7B-487F-8131-4C2A7C77CAA3} = {02EA681E-C7D8-13C7-8484-4AC65E1B71E8}
		{C0AB6C94-A0C0-4307-B40A-BEC4470D1C12} = {02EA681E-C7D8-13C7-8484-4AC65E1B71E8}
		{D40730F3-ABA5-44B5-94D0-AB3883D82FDF} = {F4062925-598D-4699-80CF-A479F376BB72}
		{E5342F5A-0BFF-44E9-B73B-626732AC778C} = {F4062925-598D-4699-80CF-A479F376BB72}
		{B97562B1-4BDE-4361-BB10-22AF3DBAD927} = {F4062925-598D-4699-80CF-A479F376BB72}
		{8BD7EE9A-DF6D-4DFB-98E0-389F9C356793} = {80F8EDE1-2F72-4527-81AE-22EABDBD4B3D}
		{84676D4E-0000-4F12-8831-6596B8E6131A} = {80F8EDE1-2F72-4527-81AE-22EABDBD4B3D}
		{06E77D61-5CBA-419E-A643-4690BABBEBC4} = {80F8EDE1-2F72-4527-81AE-22EABDBD4B3D}
		{87A1177B-1923-49DB-AE3A-EA604FE3D629} = {DF1A52FE-5EF3-4927-B1E9-B61E1A02AD20}
		{4C1B2CDF-3A56-417F-B7F4-B8E79D160F34} = {DF1A52FE-5EF3-4927-B1E9-B61E1A02AD20}
		{9642A385-6F83-41F1-8225-B6888534740C} = {DF1A52FE-5EF3-4927-B1E9-B61E1A02AD20}
		{7B9F7EDF-44AE-456B-BD90-333BA1C8857F} = {99E5EAFD-07EA-4F87-A8E7-61047DA85871}
		{634D1B7B-4A8F-4326-AC63-D96D44EE0FA1} = {99E5EAFD-07EA-4F87-A8E7-61047DA85871}
		{AF1630F1-EBA2-48E6-9BE4-63CA7526F475} = {99E5EAFD-07EA-4F87-A8E7-61047DA85871}
		{9A32B69E-8518-424B-8728-99DA5CFBE2F7} = {AB630B24-3B89-4066-8777-1F897B665106}
		{DE5C78E1-5616-4C7E-926B-1CDCB6F13212} = {AB630B24-3B89-4066-8777-1F897B665106}
		{9F8FE514-64D2-4CDE-8FA9-57F6A224694D} = {AB630B24-3B89-4066-8777-1F897B665106}
		{D578DACB-DA30-4FC4-93EC-7093FE4EF17B} = {AEF8D86D-B859-4151-81FF-8F8E2EAA45A1}
		{19E882A0-C863-42A1-9DFC-3189A4E35A22} = {AEF8D86D-B859-4151-81FF-8F8E2EAA45A1}
		{77955166-A94B-4AA9-83F1-D116D9C56374} = {AEF8D86D-B859-4151-81FF-8F8E2EAA45A1}
	EndGlobalSection
	GlobalSection(ExtensibilityGlobals) = postSolution
		SolutionGuid = {DFE94D49-9B1C-450F-80E4-FA1243784B9A}
	EndGlobalSection
EndGlobal
